<?xml version="1.0" encoding="utf-8"?>
<Project ToolsVersion="4.0" xmlns="http://schemas.microsoft.com/developer/msbuild/2003">
  <ItemGroup>
    <ClCompile Include="DisplayList.cpp" />
  </ItemGroup>
  <ItemGroup>
    <ClInclude Include="Light.h" />
    <ClInclude Include="Camera.h" />
    <ClInclude Include="ColorRGBA.h" />
    <ClInclude Include="ColorRGB.h" />
    <ClInclude Include="Material.h" />
    <ClInclude Include="ImageRGBA.h" />
    <ClInclude Include="ImageRGB.h" />
    <ClInclude Include="ColorRGBAMap.h" />
    <ClInclude Include="ColorHSV.h" />
    <ClInclude Include="ColorConverter.h" />
    <ClInclude Include="Polygon.h" />
    <ClInclude Include="Vertex.h" />
    <ClInclude Include="HalfEdge.h" />
    <ClInclude Include="Face.h" />
    <ClInclude Include="DisplayList.h" />
  </ItemGroup>
</Project>