<?xml version="1.0" encoding="utf-8"?>
<Project ToolsVersion="4.0" xmlns="http://schemas.microsoft.com/developer/msbuild/2003">
  <ItemGroup>
    <ClCompile Include="WireFrameRenderer.cpp" />
    <ClCompile Include="SmoothRenderer.cpp" />
    <ClCompile Include="PointRenderer.cpp" />
    <ClCompile Include="NormalRenderer.cpp" />
    <ClCompile Include="IDRenderer.cpp" />
    <ClCompile Include="FastPointRenderer.cpp" />
  </ItemGroup>
  <ItemGroup>
    <ClInclude Include="WireFrameRenderer.h" />
    <ClInclude Include="PointRenderer.h" />
    <ClInclude Include="SmoothRenderer.h" />
    <ClInclude Include="NormalRenderer.h" />
    <ClInclude Include="IDRenderer.h" />
    <ClInclude Include="FastPointRenderer.h" />
  </ItemGroup>
</Project>