<?xml version="1.0" encoding="utf-8"?>
<Project ToolsVersion="4.0" xmlns="http://schemas.microsoft.com/developer/msbuild/2003">
  <ItemGroup>
    <ClCompile Include="MTLFile.cpp" />
    <ClCompile Include="OBJFile.cpp" />
    <ClCompile Include="STLFile.cpp" />
    <ClCompile Include="XMLIOHelper.cpp" />
    <ClCompile Include="tinyxml2.cpp" />
    <ClCompile Include="DXFFile.cpp" />
  </ItemGroup>
  <ItemGroup>
    <ClInclude Include="Helper.h" />
    <ClInclude Include="MTLFile.h" />
    <ClInclude Include="OBJFile.h" />
    <ClInclude Include="STLFile.h" />
    <ClInclude Include="XMLIOHelper.h" />
    <ClInclude Include="tinyxml2.h" />
    <ClInclude Include="DXFFile.h" />
  </ItemGroup>
</Project>