<?xml version="1.0" encoding="utf-8"?>
<Project ToolsVersion="4.0" xmlns="http://schemas.microsoft.com/developer/msbuild/2003">
  <ItemGroup>
    <ClInclude Include="VolumeCommand.h" />
    <ClInclude Include="SurfaceCommand.h" />
    <ClInclude Include="MouseCommand.h" />
    <ClInclude Include="BoneCommand.h" />
  </ItemGroup>
  <ItemGroup>
    <ClCompile Include="SurfaceCommand.cpp" />
    <ClCompile Include="VolumeCommand.cpp" />
    <ClCompile Include="MouseCommand.cpp" />
    <ClCompile Include="BoneCommand.cpp" />
  </ItemGroup>
</Project>