<?xml version="1.0" encoding="utf-8"?>
<Project ToolsVersion="4.0" xmlns="http://schemas.microsoft.com/developer/msbuild/2003">
  <ItemGroup>
    <ClInclude Include="Quaternion.h" />
    <ClInclude Include="Tolerances.h" />
    <ClInclude Include="Box.h">
      <Filter>Primitive3d</Filter>
    </ClInclude>
    <ClInclude Include="Primitive.h">
      <Filter>Primitive3d</Filter>
    </ClInclude>
    <ClInclude Include="Sphere.h">
      <Filter>Primitive3d</Filter>
    </ClInclude>
    <ClInclude Include="Triangle.h">
      <Filter>Primitive3d</Filter>
    </ClInclude>
    <ClInclude Include="Cylinder.h">
      <Filter>Primitive3d</Filter>
    </ClInclude>
    <ClInclude Include="Cone.h">
      <Filter>Primitive3d</Filter>
    </ClInclude>
    <ClInclude Include="Matrix4d.h" />
    <ClInclude Include="Vector2d.h" />
    <ClInclude Include="Vector3d.h" />
    <ClInclude Include="Matrix2d.h" />
    <ClInclude Include="Matrix3d.h" />
    <ClInclude Include="Circle.h">
      <Filter>Primitive3d</Filter>
    </ClInclude>
    <ClInclude Include="Quad.h">
      <Filter>Primitive3d</Filter>
    </ClInclude>
    <ClInclude Include="Line.h" />
    <ClInclude Include="BazierCurve.h" />
    <ClInclude Include="Octree.h" />
    <ClInclude Include="CSG.h" />
    <ClInclude Include="Voxel.h" />
    <ClInclude Include="Space3d.h" />
  </ItemGroup>
  <ItemGroup>
    <ClCompile Include="Quaternion.cpp" />
    <ClCompile Include="Box.cpp">
      <Filter>Primitive3d</Filter>
    </ClCompile>
    <ClCompile Include="Triangle.cpp">
      <Filter>Primitive3d</Filter>
    </ClCompile>
    <ClCompile Include="Vector3d.cpp" />
    <ClCompile Include="Voxel.cpp" />
  </ItemGroup>
  <ItemGroup>
    <Filter Include="Primitive3d">
      <UniqueIdentifier>{248802b3-2b63-4a43-b982-6729c57b41e6}</UniqueIdentifier>
    </Filter>
  </ItemGroup>
</Project>