<?xml version="1.0" encoding="utf-8"?>
<Project ToolsVersion="4.0" xmlns="http://schemas.microsoft.com/developer/msbuild/2003">
  <ItemGroup>
    <ClCompile Include="CircleTest.cpp" />
    <ClCompile Include="BoxTest.cpp" />
    <ClCompile Include="SphereTest.cpp" />
    <ClCompile Include="TolerancesTest.cpp" />
    <ClCompile Include="ConeTest.cpp" />
    <ClCompile Include="CylinderTest.cpp" />
    <ClCompile Include="QuaternionTest.cpp" />
    <ClCompile Include="Matrix4dTest.cpp" />
    <ClCompile Include="Vector2dTest.cpp" />
    <ClCompile Include="Vector3dTest.cpp" />
    <ClCompile Include="Matrix2dTest.cpp" />
    <ClCompile Include="Matrix3dTest.cpp" />
    <ClCompile Include="QuadTest.cpp" />
    <ClCompile Include="MathTest.cpp" />
    <ClCompile Include="LineTest.cpp" />
    <ClCompile Include="BazierCurveTest.cpp" />
    <ClCompile Include="VoxelTest.cpp" />
    <ClCompile Include="Space3dTest.cpp" />
    <ClCompile Include="ParticleObjectTest.cpp" />
    <ClCompile Include="ParticleObjectBuilderTest.cpp" />
    <ClCompile Include="ParticleBaseTest.cpp" />
    <ClCompile Include="ParticleBaseBuilderTest.cpp" />
  </ItemGroup>
</Project>