<?xml version="1.0" encoding="utf-8"?>
<Project ToolsVersion="4.0" xmlns="http://schemas.microsoft.com/developer/msbuild/2003">
  <ItemGroup>
    <ClInclude Include="SPHSolver.h" />
    <ClInclude Include="Coordinator.h" />
    <ClInclude Include="BoundaryCoordinator.h" />
    <ClInclude Include="RigidCoordinator.h" />
    <ClInclude Include="PhysicsObject.h" />
    <ClInclude Include="PhysicsObjectBuilder.h" />
    <ClInclude Include="ParticleBuilder.h" />
    <ClInclude Include="PhysicsParticle.h" />
    <ClInclude Include="PhysicsParticlePair.h" />
    <ClInclude Include="FluidObject.h" />
    <ClInclude Include="PhysicsParticleFindAlgo.h" />
  </ItemGroup>
  <ItemGroup>
    <ClCompile Include="RigidCoordinator.cpp" />
    <ClCompile Include="ParticleBuilder.cpp" />
    <ClCompile Include="PhysicsParticleFindAlgo.cpp" />
  </ItemGroup>
</Project>