<?xml version="1.0" encoding="utf-8"?>
<Project ToolsVersion="4.0" xmlns="http://schemas.microsoft.com/developer/msbuild/2003">
  <ItemGroup>
    <ClCompile Include="stdafx.cpp" />
    <ClCompile Include="App.cpp" />
    <ClCompile Include="Converter.cpp" />
    <ClCompile Include="Frame.cpp" />
    <ClCompile Include="View.cpp" />
    <ClCompile Include="MainCommand.cpp">
      <Filter>Command</Filter>
    </ClCompile>
    <ClCompile Include="SpriteStrokeCommand.cpp">
      <Filter>Command</Filter>
    </ClCompile>
  </ItemGroup>
  <ItemGroup>
    <ClInclude Include="stdafx.h" />
    <ClInclude Include="App.h" />
    <ClInclude Include="Converter.h" />
    <ClInclude Include="View.h" />
    <ClInclude Include="Frame.h" />
    <ClInclude Include="resource.h" />
    <ClInclude Include="MainCommand.h">
      <Filter>Command</Filter>
    </ClInclude>
    <ClInclude Include="SpriteStrokeCommand.h">
      <Filter>Command</Filter>
    </ClInclude>
    <ClInclude Include="History.h">
      <Filter>Command</Filter>
    </ClInclude>
  </ItemGroup>
  <ItemGroup>
    <Filter Include="Command">
      <UniqueIdentifier>{dff8f1f3-c3f8-4815-93e8-0a22b169d32e}</UniqueIdentifier>
    </Filter>
  </ItemGroup>
  <ItemGroup>
    <ResourceCompile Include="CGStudio.rc" />
  </ItemGroup>
</Project>