<?xml version="1.0" encoding="utf-8"?>
<Project ToolsVersion="4.0" xmlns="http://schemas.microsoft.com/developer/msbuild/2003">
  <ItemGroup>
    <ClCompile Include="stdafx.cpp" />
    <ClCompile Include="App.cpp" />
    <ClCompile Include="Converter.cpp" />
    <ClCompile Include="View.cpp" />
    <ClCompile Include="Frame.cpp" />
  </ItemGroup>
  <ItemGroup>
    <ClInclude Include="stdafx.h" />
    <ClInclude Include="App.h" />
    <ClInclude Include="Converter.h" />
    <ClInclude Include="View.h" />
    <ClInclude Include="Frame.h" />
    <ClInclude Include="resource.h" />
    <ClInclude Include="Model.h" />
    <ClInclude Include="Command.h" />
    <ClInclude Include="RenderingCommand.h" />
    <ClInclude Include="SpacePickCommand.h" />
    <ClInclude Include="ScalarSpaceFactory.h" />
    <ClInclude Include="BitSpaceFactory.h" />
  </ItemGroup>
  <ItemGroup>
    <Filter Include="resource">
      <UniqueIdentifier>{3a66a511-0479-4b75-8f20-340c7e675bbd}</UniqueIdentifier>
    </Filter>
  </ItemGroup>
  <ItemGroup>
    <None Include="Resource\unchecked.xpm">
      <Filter>resource</Filter>
    </None>
    <None Include="Resource\checked.xpm">
      <Filter>resource</Filter>
    </None>
  </ItemGroup>
  <ItemGroup>
    <ResourceCompile Include="CGStudio.rc" />
  </ItemGroup>
  <ItemGroup>
    <Image Include="..\Resource\triangle.png">
      <Filter>resource</Filter>
    </Image>
    <Image Include="..\Resource\quad.png">
      <Filter>resource</Filter>
    </Image>
    <Image Include="..\Resource\3D-Y-Axis-Rotation.png">
      <Filter>resource</Filter>
    </Image>
    <Image Include="..\Resource\3D-Z-Axis-Rotation.png">
      <Filter>resource</Filter>
    </Image>
    <Image Include="..\Resource\3D-X-Axis-Rotation.png">
      <Filter>resource</Filter>
    </Image>
    <Image Include="..\Resource\cylinder.png">
      <Filter>resource</Filter>
    </Image>
    <Image Include="..\Resource\circle.png">
      <Filter>resource</Filter>
    </Image>
    <Image Include="..\Resource\box.png">
      <Filter>resource</Filter>
    </Image>
  </ItemGroup>
</Project>