<?xml version="1.0" encoding="utf-8"?>
<Project ToolsVersion="4.0" xmlns="http://schemas.microsoft.com/developer/msbuild/2003">
  <ItemGroup>
    <ClCompile Include="CircleTest.cpp" />
    <ClCompile Include="BoxTest.cpp" />
    <ClCompile Include="SphereTest.cpp" />
    <ClCompile Include="ConeTest.cpp" />
    <ClCompile Include="CylinderTest.cpp" />
    <ClCompile Include="QuaternionTest.cpp" />
    <ClCompile Include="Matrix4dTest.cpp" />
    <ClCompile Include="Vector3dTest.cpp" />
    <ClCompile Include="Matrix2dTest.cpp" />
    <ClCompile Include="Matrix3dTest.cpp" />
    <ClCompile Include="QuadTest.cpp" />
    <ClCompile Include="MathTest.cpp" />
    <ClCompile Include="Bitmap1dTest.cpp" />
    <ClCompile Include="Bitmap2dTest.cpp" />
    <ClCompile Include="Bitmap3dTest.cpp" />
    <ClCompile Include="EllipseTest.cpp" />
    <ClCompile Include="ToleranceTest.cpp" />
    <ClCompile Include="Position3dTest.cpp" />
    <ClCompile Include="DynamicBitmapTest.cpp" />
    <ClCompile Include="Marching3dTest.cpp" />
    <ClCompile Include="TriangleTest.cpp" />
    <ClCompile Include="VectorTest.cpp" />
    <ClCompile Include="PositionTest.cpp" />
    <ClCompile Include="LineTest.cpp" />
    <ClCompile Include="SpaceTest.cpp" />
  </ItemGroup>
  <ItemGroup>
    <ClInclude Include="..\Math\Bitmap1d.h" />
    <ClInclude Include="..\Math\Bitmap2d.h" />
    <ClInclude Include="..\Math\Bitmap3d.h" />
    <ClInclude Include="..\Math\Box.h" />
    <ClInclude Include="..\Math\Circle.h" />
    <ClInclude Include="..\Math\Cone.h" />
    <ClInclude Include="..\Math\Cylinder.h" />
    <ClInclude Include="..\Math\Ellipse.h" />
    <ClInclude Include="..\Math\Matrix2d.h" />
    <ClInclude Include="..\Math\Matrix3d.h" />
    <ClInclude Include="..\Math\Matrix4d.h" />
    <ClInclude Include="..\Math\Position3d.h" />
    <ClInclude Include="..\Math\Quad.h" />
    <ClInclude Include="..\Math\Quaternion.h" />
    <ClInclude Include="..\Math\SpaceBooleanAlgo.h" />
    <ClInclude Include="..\Math\Sphere.h" />
    <ClInclude Include="..\Math\Tolerance.h" />
    <ClInclude Include="..\Math\Triangle.h" />
    <ClInclude Include="..\Math\Vector.h" />
    <ClInclude Include="..\Math\Vector3d.h" />
    <ClInclude Include="..\Math\DynamicBitmap.h" />
    <ClInclude Include="..\Math\Marching2d.h" />
    <ClInclude Include="..\Math\Marching3d.h" />
    <ClInclude Include="..\Math\Position.h" />
    <ClInclude Include="..\Math\Line.h" />
    <ClInclude Include="..\Math\Space.h" />
  </ItemGroup>
</Project>